
Microsoft Visual Studio Solution File, Format Version 12.00
# Visual Studio Version 17
VisualStudioVersion = 17.8.34330.188
MinimumVisualStudioVersion = 10.0.40219.1
Project("{9A19103F-16F7-4668-BE54-9A1E7A4F7556}") = "02.Articles", "02.Articles\02.Articles.csproj", "{502CE0B7-0133-48F0-A3D1-69B675A32509}"
EndProject
Project("{FAE04EC0-301F-11D3-BF4B-00C04F79EFBC}") = "01.AdvertismentMessages", "01.AdvertismentMessages\01.AdvertismentMessages.csproj", "{21526696-BDD2-45FF-B2D6-CEAF3976BEE9}"
EndProject
Project("{FAE04EC0-301F-11D3-BF4B-00C04F79EFBC}") = "03.Articles2.0", "03.Articles2.0\03.Articles2.0.csproj", "{4DE9F569-EB3A-4310-9D06-4947CBB49717}"
EndProject
Project("{FAE04EC0-301F-11D3-BF4B-00C04F79EFBC}") = "04.Students", "04.Students\04.Students.csproj", "{29A63375-B164-4CD1-B37E-ABFE2484444B}"
EndProject
Project("{FAE04EC0-301F-11D3-BF4B-00C04F79EFBC}") = "05.TeamworkProjects", "05.TeamworkProjects\05.TeamworkProjects.csproj", "{EBF31DC7-08DA-4967-87CF-E34BC07CC830}"
EndProject
Global
	GlobalSection(SolutionConfigurationPlatforms) = preSolution
		Debug|Any CPU = Debug|Any CPU
		Release|Any CPU = Release|Any CPU
	EndGlobalSection
	GlobalSection(ProjectConfigurationPlatforms) = postSolution
		{502CE0B7-0133-48F0-A3D1-69B675A32509}.Debug|Any CPU.ActiveCfg = Debug|Any CPU
		{502CE0B7-0133-48F0-A3D1-69B675A32509}.Debug|Any CPU.Build.0 = Debug|Any CPU
		{502CE0B7-0133-48F0-A3D1-69B675A32509}.Release|Any CPU.ActiveCfg = Release|Any CPU
		{502CE0B7-0133-48F0-A3D1-69B675A32509}.Release|Any CPU.Build.0 = Release|Any CPU
		{21526696-BDD2-45FF-B2D6-CEAF3976BEE9}.Debug|Any CPU.ActiveCfg = Debug|Any CPU
		{21526696-BDD2-45FF-B2D6-CEAF3976BEE9}.Debug|Any CPU.Build.0 = Debug|Any CPU
		{21526696-BDD2-45FF-B2D6-CEAF3976BEE9}.Release|Any CPU.ActiveCfg = Release|Any CPU
		{21526696-BDD2-45FF-B2D6-CEAF3976BEE9}.Release|Any CPU.Build.0 = Release|Any CPU
		{4DE9F569-EB3A-4310-9D06-4947CBB49717}.Debug|Any CPU.ActiveCfg = Debug|Any CPU
		{4DE9F569-EB3A-4310-9D06-4947CBB49717}.Debug|Any CPU.Build.0 = Debug|Any CPU
		{4DE9F569-EB3A-4310-9D06-4947CBB49717}.Release|Any CPU.ActiveCfg = Release|Any CPU
		{4DE9F569-EB3A-4310-9D06-4947CBB49717}.Release|Any CPU.Build.0 = Release|Any CPU
		{29A63375-B164-4CD1-B37E-ABFE2484444B}.Debug|Any CPU.ActiveCfg = Debug|Any CPU
		{29A63375-B164-4CD1-B37E-ABFE2484444B}.Debug|Any CPU.Build.0 = Debug|Any CPU
		{29A63375-B164-4CD1-B37E-ABFE2484444B}.Release|Any CPU.ActiveCfg = Release|Any CPU
		{29A63375-B164-4CD1-B37E-ABFE2484444B}.Release|Any CPU.Build.0 = Release|Any CPU
		{EBF31DC7-08DA-4967-87CF-E34BC07CC830}.Debug|Any CPU.ActiveCfg = Debug|Any CPU
		{EBF31DC7-08DA-4967-87CF-E34BC07CC830}.Debug|Any CPU.Build.0 = Debug|Any CPU
		{EBF31DC7-08DA-4967-87CF-E34BC07CC830}.Release|Any CPU.ActiveCfg = Release|Any CPU
		{EBF31DC7-08DA-4967-87CF-E34BC07CC830}.Release|Any CPU.Build.0 = Release|Any CPU
	EndGlobalSection
	GlobalSection(SolutionProperties) = preSolution
		HideSolutionNode = FALSE
	EndGlobalSection
	GlobalSection(ExtensibilityGlobals) = postSolution
		SolutionGuid = {041F9AB8-8AD5-4905-AB4E-19D4C7935457}
	EndGlobalSection
EndGlobal
