
Microsoft Visual Studio Solution File, Format Version 12.00
# Visual Studio Version 17
VisualStudioVersion = 17.8.34330.188
MinimumVisualStudioVersion = 10.0.40219.1
Project("{9A19103F-16F7-4668-BE54-9A1E7A4F7556}") = "01.ValidUsernames", "01.ValidUsernames\01.ValidUsernames.csproj", "{F35C119D-23CC-4BE0-8B5F-073225A210BA}"
EndProject
Project("{9A19103F-16F7-4668-BE54-9A1E7A4F7556}") = "02.CharacterMultiplier", "02.CharacterMultiplier\02.CharacterMultiplier.csproj", "{B2974F30-44D0-46CB-8D59-6484B3E9FB1D}"
EndProject
Project("{9A19103F-16F7-4668-BE54-9A1E7A4F7556}") = "03.ExtractFile", "03.ExtractFile\03.ExtractFile.csproj", "{C8FABAF8-E9D1-4204-B118-03E7A09B5709}"
EndProject
Project("{9A19103F-16F7-4668-BE54-9A1E7A4F7556}") = "04.CaesarCipher", "04.CaesarCipher\04.CaesarCipher.csproj", "{F54D1175-89CA-4BD6-BDF8-6D0929BB7F16}"
EndProject
Project("{9A19103F-16F7-4668-BE54-9A1E7A4F7556}") = "05.MultiplyBigNumber", "05.MultiplyBigNumber\05.MultiplyBigNumber.csproj", "{F2502D60-9754-4584-B991-EFA0B450C38E}"
EndProject
Project("{9A19103F-16F7-4668-BE54-9A1E7A4F7556}") = "06.ReplaceRepeatingChars", "06.ReplaceRepeatingChars\06.ReplaceRepeatingChars.csproj", "{E4E83C2F-ED9A-4FA0-A43D-9A85910B0195}"
EndProject
Project("{9A19103F-16F7-4668-BE54-9A1E7A4F7556}") = "07.StringExplosion", "07.StringExplosion\07.StringExplosion.csproj", "{CC2DC1D5-1A3D-4092-87B4-68C422D91354}"
EndProject
Project("{FAE04EC0-301F-11D3-BF4B-00C04F79EFBC}") = "8.LettersChangeNumbers", "8.LettersChangeNumbers\8.LettersChangeNumbers.csproj", "{18A71CF6-6612-406A-9F27-FAF928F5A06F}"
EndProject
Global
	GlobalSection(SolutionConfigurationPlatforms) = preSolution
		Debug|Any CPU = Debug|Any CPU
		Release|Any CPU = Release|Any CPU
	EndGlobalSection
	GlobalSection(ProjectConfigurationPlatforms) = postSolution
		{F35C119D-23CC-4BE0-8B5F-073225A210BA}.Debug|Any CPU.ActiveCfg = Debug|Any CPU
		{F35C119D-23CC-4BE0-8B5F-073225A210BA}.Debug|Any CPU.Build.0 = Debug|Any CPU
		{F35C119D-23CC-4BE0-8B5F-073225A210BA}.Release|Any CPU.ActiveCfg = Release|Any CPU
		{F35C119D-23CC-4BE0-8B5F-073225A210BA}.Release|Any CPU.Build.0 = Release|Any CPU
		{B2974F30-44D0-46CB-8D59-6484B3E9FB1D}.Debug|Any CPU.ActiveCfg = Debug|Any CPU
		{B2974F30-44D0-46CB-8D59-6484B3E9FB1D}.Debug|Any CPU.Build.0 = Debug|Any CPU
		{B2974F30-44D0-46CB-8D59-6484B3E9FB1D}.Release|Any CPU.ActiveCfg = Release|Any CPU
		{B2974F30-44D0-46CB-8D59-6484B3E9FB1D}.Release|Any CPU.Build.0 = Release|Any CPU
		{C8FABAF8-E9D1-4204-B118-03E7A09B5709}.Debug|Any CPU.ActiveCfg = Debug|Any CPU
		{C8FABAF8-E9D1-4204-B118-03E7A09B5709}.Debug|Any CPU.Build.0 = Debug|Any CPU
		{C8FABAF8-E9D1-4204-B118-03E7A09B5709}.Release|Any CPU.ActiveCfg = Release|Any CPU
		{C8FABAF8-E9D1-4204-B118-03E7A09B5709}.Release|Any CPU.Build.0 = Release|Any CPU
		{F54D1175-89CA-4BD6-BDF8-6D0929BB7F16}.Debug|Any CPU.ActiveCfg = Debug|Any CPU
		{F54D1175-89CA-4BD6-BDF8-6D0929BB7F16}.Debug|Any CPU.Build.0 = Debug|Any CPU
		{F54D1175-89CA-4BD6-BDF8-6D0929BB7F16}.Release|Any CPU.ActiveCfg = Release|Any CPU
		{F54D1175-89CA-4BD6-BDF8-6D0929BB7F16}.Release|Any CPU.Build.0 = Release|Any CPU
		{F2502D60-9754-4584-B991-EFA0B450C38E}.Debug|Any CPU.ActiveCfg = Debug|Any CPU
		{F2502D60-9754-4584-B991-EFA0B450C38E}.Debug|Any CPU.Build.0 = Debug|Any CPU
		{F2502D60-9754-4584-B991-EFA0B450C38E}.Release|Any CPU.ActiveCfg = Release|Any CPU
		{F2502D60-9754-4584-B991-EFA0B450C38E}.Release|Any CPU.Build.0 = Release|Any CPU
		{E4E83C2F-ED9A-4FA0-A43D-9A85910B0195}.Debug|Any CPU.ActiveCfg = Debug|Any CPU
		{E4E83C2F-ED9A-4FA0-A43D-9A85910B0195}.Debug|Any CPU.Build.0 = Debug|Any CPU
		{E4E83C2F-ED9A-4FA0-A43D-9A85910B0195}.Release|Any CPU.ActiveCfg = Release|Any CPU
		{E4E83C2F-ED9A-4FA0-A43D-9A85910B0195}.Release|Any CPU.Build.0 = Release|Any CPU
		{CC2DC1D5-1A3D-4092-87B4-68C422D91354}.Debug|Any CPU.ActiveCfg = Debug|Any CPU
		{CC2DC1D5-1A3D-4092-87B4-68C422D91354}.Debug|Any CPU.Build.0 = Debug|Any CPU
		{CC2DC1D5-1A3D-4092-87B4-68C422D91354}.Release|Any CPU.ActiveCfg = Release|Any CPU
		{CC2DC1D5-1A3D-4092-87B4-68C422D91354}.Release|Any CPU.Build.0 = Release|Any CPU
		{18A71CF6-6612-406A-9F27-FAF928F5A06F}.Debug|Any CPU.ActiveCfg = Debug|Any CPU
		{18A71CF6-6612-406A-9F27-FAF928F5A06F}.Debug|Any CPU.Build.0 = Debug|Any CPU
		{18A71CF6-6612-406A-9F27-FAF928F5A06F}.Release|Any CPU.ActiveCfg = Release|Any CPU
		{18A71CF6-6612-406A-9F27-FAF928F5A06F}.Release|Any CPU.Build.0 = Release|Any CPU
	EndGlobalSection
	GlobalSection(SolutionProperties) = preSolution
		HideSolutionNode = FALSE
	EndGlobalSection
	GlobalSection(ExtensibilityGlobals) = postSolution
		SolutionGuid = {79DE1CC5-C883-4816-872C-2682079F2F3E}
	EndGlobalSection
EndGlobal
