
Microsoft Visual Studio Solution File, Format Version 12.00
# Visual Studio Version 17
VisualStudioVersion = 17.8.34330.188
MinimumVisualStudioVersion = 10.0.40219.1
Project("{FAE04EC0-301F-11D3-BF4B-00C04F79EFBC}") = "01.DataTypeFinder", "01.DataTypeFinder\01.DataTypeFinder.csproj", "{34F944EA-C685-4D4E-8BF9-CA382EE15113}"
EndProject
Project("{FAE04EC0-301F-11D3-BF4B-00C04F79EFBC}") = "02.FromLeftToRight", "02.FromLeftToRight\02.FromLeftToRight.csproj", "{816F7439-D3D6-4827-8076-91A9C61BDB6D}"
EndProject
Global
	GlobalSection(SolutionConfigurationPlatforms) = preSolution
		Debug|Any CPU = Debug|Any CPU
		Release|Any CPU = Release|Any CPU
	EndGlobalSection
	GlobalSection(ProjectConfigurationPlatforms) = postSolution
		{34F944EA-C685-4D4E-8BF9-CA382EE15113}.Debug|Any CPU.ActiveCfg = Debug|Any CPU
		{34F944EA-C685-4D4E-8BF9-CA382EE15113}.Debug|Any CPU.Build.0 = Debug|Any CPU
		{34F944EA-C685-4D4E-8BF9-CA382EE15113}.Release|Any CPU.ActiveCfg = Release|Any CPU
		{34F944EA-C685-4D4E-8BF9-CA382EE15113}.Release|Any CPU.Build.0 = Release|Any CPU
		{816F7439-D3D6-4827-8076-91A9C61BDB6D}.Debug|Any CPU.ActiveCfg = Debug|Any CPU
		{816F7439-D3D6-4827-8076-91A9C61BDB6D}.Debug|Any CPU.Build.0 = Debug|Any CPU
		{816F7439-D3D6-4827-8076-91A9C61BDB6D}.Release|Any CPU.ActiveCfg = Release|Any CPU
		{816F7439-D3D6-4827-8076-91A9C61BDB6D}.Release|Any CPU.Build.0 = Release|Any CPU
	EndGlobalSection
	GlobalSection(SolutionProperties) = preSolution
		HideSolutionNode = FALSE
	EndGlobalSection
	GlobalSection(ExtensibilityGlobals) = postSolution
		SolutionGuid = {7345A91A-6624-49CA-863B-4B8BFAD5280A}
	EndGlobalSection
EndGlobal
