
Microsoft Visual Studio Solution File, Format Version 12.00
# Visual Studio Version 17
VisualStudioVersion = 17.8.34330.188
MinimumVisualStudioVersion = 10.0.40219.1
Project("{9A19103F-16F7-4668-BE54-9A1E7A4F7556}") = "01.SmallestOfThreeNumbers", "01.SmallestOfThreeNumbers\01.SmallestOfThreeNumbers.csproj", "{DB245166-E950-4FB4-A714-388AFFF99E3E}"
EndProject
Project("{FAE04EC0-301F-11D3-BF4B-00C04F79EFBC}") = "02.VowelsCount", "02.VowelsCount\02.VowelsCount.csproj", "{4D4D750B-47BE-4B37-B096-4DD89D370B36}"
EndProject
Project("{FAE04EC0-301F-11D3-BF4B-00C04F79EFBC}") = "03.CharactersInRange", "03.CharactersInRange\03.CharactersInRange.csproj", "{FF901585-190E-44D9-9B68-A14DA056F138}"
EndProject
Global
	GlobalSection(SolutionConfigurationPlatforms) = preSolution
		Debug|Any CPU = Debug|Any CPU
		Release|Any CPU = Release|Any CPU
	EndGlobalSection
	GlobalSection(ProjectConfigurationPlatforms) = postSolution
		{DB245166-E950-4FB4-A714-388AFFF99E3E}.Debug|Any CPU.ActiveCfg = Debug|Any CPU
		{DB245166-E950-4FB4-A714-388AFFF99E3E}.Debug|Any CPU.Build.0 = Debug|Any CPU
		{DB245166-E950-4FB4-A714-388AFFF99E3E}.Release|Any CPU.ActiveCfg = Release|Any CPU
		{DB245166-E950-4FB4-A714-388AFFF99E3E}.Release|Any CPU.Build.0 = Release|Any CPU
		{4D4D750B-47BE-4B37-B096-4DD89D370B36}.Debug|Any CPU.ActiveCfg = Debug|Any CPU
		{4D4D750B-47BE-4B37-B096-4DD89D370B36}.Debug|Any CPU.Build.0 = Debug|Any CPU
		{4D4D750B-47BE-4B37-B096-4DD89D370B36}.Release|Any CPU.ActiveCfg = Release|Any CPU
		{4D4D750B-47BE-4B37-B096-4DD89D370B36}.Release|Any CPU.Build.0 = Release|Any CPU
		{FF901585-190E-44D9-9B68-A14DA056F138}.Debug|Any CPU.ActiveCfg = Debug|Any CPU
		{FF901585-190E-44D9-9B68-A14DA056F138}.Debug|Any CPU.Build.0 = Debug|Any CPU
		{FF901585-190E-44D9-9B68-A14DA056F138}.Release|Any CPU.ActiveCfg = Release|Any CPU
		{FF901585-190E-44D9-9B68-A14DA056F138}.Release|Any CPU.Build.0 = Release|Any CPU
	EndGlobalSection
	GlobalSection(SolutionProperties) = preSolution
		HideSolutionNode = FALSE
	EndGlobalSection
	GlobalSection(ExtensibilityGlobals) = postSolution
		SolutionGuid = {8547868A-9562-4F23-BD97-C899CAE734F9}
	EndGlobalSection
EndGlobal
