
Microsoft Visual Studio Solution File, Format Version 12.00
# Visual Studio Version 17
VisualStudioVersion = 17.8.34330.188
MinimumVisualStudioVersion = 10.0.40219.1
Project("{9A19103F-16F7-4668-BE54-9A1E7A4F7556}") = "01.Train", "01.Train\01.Train.csproj", "{A471E4C9-8481-4BD5-A231-D0167604C075}"
EndProject
Project("{9A19103F-16F7-4668-BE54-9A1E7A4F7556}") = "02.CommonElements", "02.CommonElements\02.CommonElements.csproj", "{845B1F2C-F4D6-4B49-B411-62BBC46C5F6D}"
EndProject
Project("{FAE04EC0-301F-11D3-BF4B-00C04F79EFBC}") = "03.ZigZagArrays", "03.ZigZagArrays\03.ZigZagArrays.csproj", "{8E2765FC-450F-4712-9F68-4B6E257A3579}"
EndProject
Project("{FAE04EC0-301F-11D3-BF4B-00C04F79EFBC}") = "04.ArrayRotation", "04.ArrayRotation\04.ArrayRotation.csproj", "{CCF54CEF-A117-4C89-AC35-A94197D311E8}"
EndProject
Global
	GlobalSection(SolutionConfigurationPlatforms) = preSolution
		Debug|Any CPU = Debug|Any CPU
		Release|Any CPU = Release|Any CPU
	EndGlobalSection
	GlobalSection(ProjectConfigurationPlatforms) = postSolution
		{A471E4C9-8481-4BD5-A231-D0167604C075}.Debug|Any CPU.ActiveCfg = Debug|Any CPU
		{A471E4C9-8481-4BD5-A231-D0167604C075}.Debug|Any CPU.Build.0 = Debug|Any CPU
		{A471E4C9-8481-4BD5-A231-D0167604C075}.Release|Any CPU.ActiveCfg = Release|Any CPU
		{A471E4C9-8481-4BD5-A231-D0167604C075}.Release|Any CPU.Build.0 = Release|Any CPU
		{845B1F2C-F4D6-4B49-B411-62BBC46C5F6D}.Debug|Any CPU.ActiveCfg = Debug|Any CPU
		{845B1F2C-F4D6-4B49-B411-62BBC46C5F6D}.Debug|Any CPU.Build.0 = Debug|Any CPU
		{845B1F2C-F4D6-4B49-B411-62BBC46C5F6D}.Release|Any CPU.ActiveCfg = Release|Any CPU
		{845B1F2C-F4D6-4B49-B411-62BBC46C5F6D}.Release|Any CPU.Build.0 = Release|Any CPU
		{8E2765FC-450F-4712-9F68-4B6E257A3579}.Debug|Any CPU.ActiveCfg = Debug|Any CPU
		{8E2765FC-450F-4712-9F68-4B6E257A3579}.Debug|Any CPU.Build.0 = Debug|Any CPU
		{8E2765FC-450F-4712-9F68-4B6E257A3579}.Release|Any CPU.ActiveCfg = Release|Any CPU
		{8E2765FC-450F-4712-9F68-4B6E257A3579}.Release|Any CPU.Build.0 = Release|Any CPU
		{CCF54CEF-A117-4C89-AC35-A94197D311E8}.Debug|Any CPU.ActiveCfg = Debug|Any CPU
		{CCF54CEF-A117-4C89-AC35-A94197D311E8}.Debug|Any CPU.Build.0 = Debug|Any CPU
		{CCF54CEF-A117-4C89-AC35-A94197D311E8}.Release|Any CPU.ActiveCfg = Release|Any CPU
		{CCF54CEF-A117-4C89-AC35-A94197D311E8}.Release|Any CPU.Build.0 = Release|Any CPU
	EndGlobalSection
	GlobalSection(SolutionProperties) = preSolution
		HideSolutionNode = FALSE
	EndGlobalSection
	GlobalSection(ExtensibilityGlobals) = postSolution
		SolutionGuid = {2E0D8111-3868-48D5-B9BB-ABFD2DFABBA2}
	EndGlobalSection
EndGlobal
